# This file is generated by running "yarn install" inside your project.
# Manual changes might be lost - proceed with caution!

__metadata:
  version: 6
  cacheKey: 8

"@types/deep-equal@npm:^1.0.1":
  version: 1.0.1
  resolution: "@types/deep-equal@npm:1.0.1"
  checksum: 689b5737dd0a37d173d9e1231c07f70a1a9a989087b757422e1d167ec3640fd7eb8a538bd6008b3df400c4c11ed07a6c2a92d9aafc1f98ffaa04731a9442c781
  languageName: node
  linkType: hard

"@types/node-fetch@npm:^2.5.7":
  version: 2.5.12
  resolution: "@types/node-fetch@npm:2.5.12"
  dependencies:
    "@types/node": "*"
    form-data: ^3.0.0
  checksum: ad63c85ba6a9477b8e057ec8682257738130d98e8ece4e31141789bd99df9d9147985cc8bc0cb5c8983ed5aa6bb95d46df23d1e055f4ad5cf8b82fc69cf626c7
  languageName: node
  linkType: hard

"@types/node@npm:*":
  version: 16.10.1
  resolution: "@types/node@npm:16.10.1"
  checksum: 84d7f082e9421fdf1f08dbe00b66848897b2675eacc94a4fa445c4d34cef57c901ecd3276d03ebe110607a848d3df0ab33816aeff51a234e036111dd8ef1422f
  languageName: node
  linkType: hard

"@types/node@npm:^12.12.0":
  version: 12.20.27
  resolution: "@types/node@npm:12.20.27"
  checksum: d54239186169c2d7fd2e33d36f273022350916624671ed398dc8ac2623935d9f564d466f0616bc1dea32f0df29689eab822b4b5ea78c51bdb6cb26cffbc18cbe
  languageName: node
  linkType: hard

"@types/vscode@npm:^1.44.0":
  version: 1.60.0
  resolution: "@types/vscode@npm:1.60.0"
  checksum: 6736e1db00b0c660cb48c9fb8ea76b18b03e4ccc4846b2f0d0fa37eecc3e28bb29612aac6098fa7d5024c36a599f84d8b7bc6cd0a78068e81d83355599a7bb3e
  languageName: node
  linkType: hard

"@types/which@npm:^2.0.1":
  version: 2.0.1
  resolution: "@types/which@npm:2.0.1"
  checksum: 14e963f2ffaa79caaa13044e977456085a1024cb519478f0f5f9dc8a4f33a0ac47f0a255ccbd008efde063c75b98e846b9258b5999bac6f595e06d5518920cb7
  languageName: node
  linkType: hard

"arg@npm:^4.1.0":
  version: 4.1.3
  resolution: "arg@npm:4.1.3"
  checksum: 544af8dd3f60546d3e4aff084d451b96961d2267d668670199692f8d054f0415d86fc5497d0e641e91546f0aa920e7c29e5250e99fc89f5552a34b5d93b77f43
  languageName: node
  linkType: hard

"argparse@npm:^2.0.1":
  version: 2.0.1
  resolution: "argparse@npm:2.0.1"
  checksum: 83644b56493e89a254bae05702abf3a1101b4fa4d0ca31df1c9985275a5a5bd47b3c27b7fa0b71098d41114d8ca000e6ed90cad764b306f8a503665e4d517ced
  languageName: node
  linkType: hard

"asynckit@npm:^0.4.0":
  version: 0.4.0
  resolution: "asynckit@npm:0.4.0"
  checksum: 7b78c451df768adba04e2d02e63e2d0bf3b07adcd6e42b4cf665cb7ce899bedd344c69a1dcbce355b5f972d597b25aaa1c1742b52cffd9caccb22f348114f6be
  languageName: node
  linkType: hard

"available-typed-arrays@npm:^1.0.5":
  version: 1.0.5
  resolution: "available-typed-arrays@npm:1.0.5"
  checksum: 20eb47b3cefd7db027b9bbb993c658abd36d4edd3fe1060e83699a03ee275b0c9b216cc076ff3f2db29073225fb70e7613987af14269ac1fe2a19803ccc97f1a
  languageName: node
  linkType: hard

"balanced-match@npm:^1.0.0":
  version: 1.0.2
  resolution: "balanced-match@npm:1.0.2"
  checksum: 9706c088a283058a8a99e0bf91b0a2f75497f185980d9ffa8b304de1d9e58ebda7c72c07ebf01dadedaac5b2907b2c6f566f660d62bd336c3468e960403b9d65
  languageName: node
  linkType: hard

"brace-expansion@npm:^1.1.7":
  version: 1.1.11
  resolution: "brace-expansion@npm:1.1.11"
  dependencies:
    balanced-match: ^1.0.0
    concat-map: 0.0.1
  checksum: faf34a7bb0c3fcf4b59c7808bc5d2a96a40988addf2e7e09dfbb67a2251800e0d14cd2bfc1aa79174f2f5095c54ff27f46fb1289fe2d77dac755b5eb3434cc07
  languageName: node
  linkType: hard

"buffer-from@npm:^1.0.0":
  version: 1.1.2
  resolution: "buffer-from@npm:1.1.2"
  checksum: 0448524a562b37d4d7ed9efd91685a5b77a50672c556ea254ac9a6d30e3403a517d8981f10e565db24e8339413b43c97ca2951f10e399c6125a0d8911f5679bb
  languageName: node
  linkType: hard

"call-bind@npm:^1.0.0, call-bind@npm:^1.0.2":
  version: 1.0.2
  resolution: "call-bind@npm:1.0.2"
  dependencies:
    function-bind: ^1.1.1
    get-intrinsic: ^1.0.2
  checksum: f8e31de9d19988a4b80f3e704788c4a2d6b6f3d17cfec4f57dc29ced450c53a49270dc66bf0fbd693329ee948dd33e6c90a329519aef17474a4d961e8d6426b0
  languageName: node
  linkType: hard

"combined-stream@npm:^1.0.8":
  version: 1.0.8
  resolution: "combined-stream@npm:1.0.8"
  dependencies:
    delayed-stream: ~1.0.0
  checksum: 49fa4aeb4916567e33ea81d088f6584749fc90c7abec76fd516bf1c5aa5c79f3584b5ba3de6b86d26ddd64bae5329c4c7479343250cfe71c75bb366eae53bb7c
  languageName: node
  linkType: hard

"concat-map@npm:0.0.1":
  version: 0.0.1
  resolution: "concat-map@npm:0.0.1"
  checksum: 902a9f5d8967a3e2faf138d5cb784b9979bad2e6db5357c5b21c568df4ebe62bcb15108af1b2253744844eb964fc023fbd9afbbbb6ddd0bcc204c6fb5b7bf3af
  languageName: node
  linkType: hard

"deep-equal@npm:^2.0.4":
  version: 2.0.5
  resolution: "deep-equal@npm:2.0.5"
  dependencies:
    call-bind: ^1.0.0
    es-get-iterator: ^1.1.1
    get-intrinsic: ^1.0.1
    is-arguments: ^1.0.4
    is-date-object: ^1.0.2
    is-regex: ^1.1.1
    isarray: ^2.0.5
    object-is: ^1.1.4
    object-keys: ^1.1.1
    object.assign: ^4.1.2
    regexp.prototype.flags: ^1.3.0
    side-channel: ^1.0.3
    which-boxed-primitive: ^1.0.1
    which-collection: ^1.0.1
    which-typed-array: ^1.1.2
  checksum: 2bb7332badf589b540184d25098acac750e30fe11c8dce4523d03fc5db15f46881a0105e6bf0b64bb0c57213a95ed964029ff0259026ad6f7f9e0019f8200de5
  languageName: node
  linkType: hard

"define-properties@npm:^1.1.3":
  version: 1.1.3
  resolution: "define-properties@npm:1.1.3"
  dependencies:
    object-keys: ^1.0.12
  checksum: da80dba55d0cd76a5a7ab71ef6ea0ebcb7b941f803793e4e0257b384cb772038faa0c31659d244e82c4342edef841c1a1212580006a05a5068ee48223d787317
  languageName: node
  linkType: hard

"delayed-stream@npm:~1.0.0":
  version: 1.0.0
  resolution: "delayed-stream@npm:1.0.0"
  checksum: 46fe6e83e2cb1d85ba50bd52803c68be9bd953282fa7096f51fc29edd5d67ff84ff753c51966061e5ba7cb5e47ef6d36a91924eddb7f3f3483b1c560f77a0020
  languageName: node
  linkType: hard

"diff@npm:^4.0.1":
  version: 4.0.2
  resolution: "diff@npm:4.0.2"
  checksum: f2c09b0ce4e6b301c221addd83bf3f454c0bc00caa3dd837cf6c127d6edf7223aa2bbe3b688feea110b7f262adbfc845b757c44c8a9f8c0c5b15d8fa9ce9d20d
  languageName: node
  linkType: hard

"encoding@npm:^0.1.13":
  version: 0.1.13
  resolution: "encoding@npm:0.1.13"
  dependencies:
    iconv-lite: ^0.6.2
  checksum: bb98632f8ffa823996e508ce6a58ffcf5856330fde839ae42c9e1f436cc3b5cc651d4aeae72222916545428e54fd0f6aa8862fd8d25bdbcc4589f1e3f3715e7f
  languageName: node
  linkType: hard

"es-abstract@npm:^1.18.5":
  version: 1.18.6
  resolution: "es-abstract@npm:1.18.6"
  dependencies:
    call-bind: ^1.0.2
    es-to-primitive: ^1.2.1
    function-bind: ^1.1.1
    get-intrinsic: ^1.1.1
    get-symbol-description: ^1.0.0
    has: ^1.0.3
    has-symbols: ^1.0.2
    internal-slot: ^1.0.3
    is-callable: ^1.2.4
    is-negative-zero: ^2.0.1
    is-regex: ^1.1.4
    is-string: ^1.0.7
    object-inspect: ^1.11.0
    object-keys: ^1.1.1
    object.assign: ^4.1.2
    string.prototype.trimend: ^1.0.4
    string.prototype.trimstart: ^1.0.4
    unbox-primitive: ^1.0.1
  checksum: 8903ed187a9f66a8b21385401770124b37ded75a9cd99c7ea22e709ca667e7b549f37dc8bf9bf458a6cdb908c95a16fed389e2871bb3a28bfaab46db555cb1f3
  languageName: node
  linkType: hard

"es-get-iterator@npm:^1.1.1":
  version: 1.1.2
  resolution: "es-get-iterator@npm:1.1.2"
  dependencies:
    call-bind: ^1.0.2
    get-intrinsic: ^1.1.0
    has-symbols: ^1.0.1
    is-arguments: ^1.1.0
    is-map: ^2.0.2
    is-set: ^2.0.2
    is-string: ^1.0.5
    isarray: ^2.0.5
  checksum: f75e66acb6a45686fa08b3ade9c9421a70d36a0c43ed4363e67f4d7aab2226cb73dd977cb48abbaf75721b946d3cd810682fcf310c7ad0867802fbf929b17dcf
  languageName: node
  linkType: hard

"es-to-primitive@npm:^1.2.1":
  version: 1.2.1
  resolution: "es-to-primitive@npm:1.2.1"
  dependencies:
    is-callable: ^1.1.4
    is-date-object: ^1.0.1
    is-symbol: ^1.0.2
  checksum: 4ead6671a2c1402619bdd77f3503991232ca15e17e46222b0a41a5d81aebc8740a77822f5b3c965008e631153e9ef0580540007744521e72de8e33599fca2eed
  languageName: node
  linkType: hard

"esbuild-android-arm64@npm:0.13.2":
  version: 0.13.2
  resolution: "esbuild-android-arm64@npm:0.13.2"
  conditions: os=android & cpu=arm64
  languageName: node
  linkType: hard

"esbuild-darwin-64@npm:0.13.2":
  version: 0.13.2
  resolution: "esbuild-darwin-64@npm:0.13.2"
  conditions: os=darwin & cpu=x64
  languageName: node
  linkType: hard

"esbuild-darwin-arm64@npm:0.13.2":
  version: 0.13.2
  resolution: "esbuild-darwin-arm64@npm:0.13.2"
  conditions: os=darwin & cpu=arm64
  languageName: node
  linkType: hard

"esbuild-freebsd-64@npm:0.13.2":
  version: 0.13.2
  resolution: "esbuild-freebsd-64@npm:0.13.2"
  conditions: os=freebsd & cpu=x64
  languageName: node
  linkType: hard

"esbuild-freebsd-arm64@npm:0.13.2":
  version: 0.13.2
  resolution: "esbuild-freebsd-arm64@npm:0.13.2"
  conditions: os=freebsd & cpu=arm64
  languageName: node
  linkType: hard

"esbuild-linux-32@npm:0.13.2":
  version: 0.13.2
  resolution: "esbuild-linux-32@npm:0.13.2"
  conditions: os=linux & cpu=ia32
  languageName: node
  linkType: hard

"esbuild-linux-64@npm:0.13.2":
  version: 0.13.2
  resolution: "esbuild-linux-64@npm:0.13.2"
  conditions: os=linux & cpu=x64
  languageName: node
  linkType: hard

"esbuild-linux-arm64@npm:0.13.2":
  version: 0.13.2
  resolution: "esbuild-linux-arm64@npm:0.13.2"
  conditions: os=linux & cpu=arm64
  languageName: node
  linkType: hard

"esbuild-linux-arm@npm:0.13.2":
  version: 0.13.2
  resolution: "esbuild-linux-arm@npm:0.13.2"
  conditions: os=linux & cpu=arm
  languageName: node
  linkType: hard

"esbuild-linux-mips64le@npm:0.13.2":
  version: 0.13.2
  resolution: "esbuild-linux-mips64le@npm:0.13.2"
  conditions: os=linux & cpu=mips64el
  languageName: node
  linkType: hard

"esbuild-linux-ppc64le@npm:0.13.2":
  version: 0.13.2
  resolution: "esbuild-linux-ppc64le@npm:0.13.2"
  conditions: os=linux & cpu=ppc64
  languageName: node
  linkType: hard

"esbuild-openbsd-64@npm:0.13.2":
  version: 0.13.2
  resolution: "esbuild-openbsd-64@npm:0.13.2"
  conditions: os=openbsd & cpu=x64
  languageName: node
  linkType: hard

"esbuild-sunos-64@npm:0.13.2":
  version: 0.13.2
  resolution: "esbuild-sunos-64@npm:0.13.2"
  conditions: os=sunos & cpu=x64
  languageName: node
  linkType: hard

"esbuild-windows-32@npm:0.13.2":
  version: 0.13.2
  resolution: "esbuild-windows-32@npm:0.13.2"
  conditions: os=win32 & cpu=ia32
  languageName: node
  linkType: hard

"esbuild-windows-64@npm:0.13.2":
  version: 0.13.2
  resolution: "esbuild-windows-64@npm:0.13.2"
  conditions: os=win32 & cpu=x64
  languageName: node
  linkType: hard

"esbuild-windows-arm64@npm:0.13.2":
  version: 0.13.2
  resolution: "esbuild-windows-arm64@npm:0.13.2"
  conditions: os=win32 & cpu=arm64
  languageName: node
  linkType: hard

"esbuild@npm:^0.13.2":
  version: 0.13.2
  resolution: "esbuild@npm:0.13.2"
  dependencies:
    esbuild-android-arm64: 0.13.2
    esbuild-darwin-64: 0.13.2
    esbuild-darwin-arm64: 0.13.2
    esbuild-freebsd-64: 0.13.2
    esbuild-freebsd-arm64: 0.13.2
    esbuild-linux-32: 0.13.2
    esbuild-linux-64: 0.13.2
    esbuild-linux-arm: 0.13.2
    esbuild-linux-arm64: 0.13.2
    esbuild-linux-mips64le: 0.13.2
    esbuild-linux-ppc64le: 0.13.2
    esbuild-openbsd-64: 0.13.2
    esbuild-sunos-64: 0.13.2
    esbuild-windows-32: 0.13.2
    esbuild-windows-64: 0.13.2
    esbuild-windows-arm64: 0.13.2
  dependenciesMeta:
    esbuild-android-arm64:
      optional: true
    esbuild-darwin-64:
      optional: true
    esbuild-darwin-arm64:
      optional: true
    esbuild-freebsd-64:
      optional: true
    esbuild-freebsd-arm64:
      optional: true
    esbuild-linux-32:
      optional: true
    esbuild-linux-64:
      optional: true
    esbuild-linux-arm:
      optional: true
    esbuild-linux-arm64:
      optional: true
    esbuild-linux-mips64le:
      optional: true
    esbuild-linux-ppc64le:
      optional: true
    esbuild-openbsd-64:
      optional: true
    esbuild-sunos-64:
      optional: true
    esbuild-windows-32:
      optional: true
    esbuild-windows-64:
      optional: true
    esbuild-windows-arm64:
      optional: true
  bin:
    esbuild: bin/esbuild
  checksum: 236fb2a3995f96cc85b7880f1d9a3e2ca42c9d5b9a2c0dc3a3bf5b6702fbd214d1af8ef0aab03d79e4f7cb3c279c918722519561e15b8be03bc8e8cd45a423fb
  languageName: node
  linkType: hard

"foreach@npm:^2.0.5":
  version: 2.0.5
  resolution: "foreach@npm:2.0.5"
  checksum: dab4fbfef0b40b69ee5eab81bcb9626b8fa8b3469c8cfa26480f3e5e1ee08c40eae07048c9a967c65aeda26e774511ccc70b3f10a604c01753c6ef24361f0fc8
  languageName: node
  linkType: hard

"form-data@npm:^3.0.0":
  version: 3.0.1
  resolution: "form-data@npm:3.0.1"
  dependencies:
    asynckit: ^0.4.0
    combined-stream: ^1.0.8
    mime-types: ^2.1.12
  checksum: b019e8d35c8afc14a2bd8a7a92fa4f525a4726b6d5a9740e8d2623c30e308fbb58dc8469f90415a856698933c8479b01646a9dff33c87cc4e76d72aedbbf860d
  languageName: node
  linkType: hard

"function-bind@npm:^1.1.1":
  version: 1.1.1
  resolution: "function-bind@npm:1.1.1"
  checksum: b32fbaebb3f8ec4969f033073b43f5c8befbb58f1a79e12f1d7490358150359ebd92f49e72ff0144f65f2c48ea2a605bff2d07965f548f6474fd8efd95bf361a
  languageName: node
  linkType: hard

"get-intrinsic@npm:^1.0.1, get-intrinsic@npm:^1.0.2, get-intrinsic@npm:^1.1.0, get-intrinsic@npm:^1.1.1":
  version: 1.1.1
  resolution: "get-intrinsic@npm:1.1.1"
  dependencies:
    function-bind: ^1.1.1
    has: ^1.0.3
    has-symbols: ^1.0.1
  checksum: a9fe2ca8fa3f07f9b0d30fb202bcd01f3d9b9b6b732452e79c48e79f7d6d8d003af3f9e38514250e3553fdc83c61650851cb6870832ac89deaaceb08e3721a17
  languageName: node
  linkType: hard

"get-symbol-description@npm:^1.0.0":
  version: 1.0.0
  resolution: "get-symbol-description@npm:1.0.0"
  dependencies:
    call-bind: ^1.0.2
    get-intrinsic: ^1.1.1
  checksum: 9ceff8fe968f9270a37a1f73bf3f1f7bda69ca80f4f80850670e0e7b9444ff99323f7ac52f96567f8b5f5fbe7ac717a0d81d3407c7313e82810c6199446a5247
  languageName: node
  linkType: hard

"has-bigints@npm:^1.0.1":
  version: 1.0.1
  resolution: "has-bigints@npm:1.0.1"
  checksum: 44ab55868174470065d2e0f8f6def1c990d12b82162a8803c679699fa8a39f966e336f2a33c185092fe8aea7e8bf2e85f1c26add5f29d98f2318bd270096b183
  languageName: node
  linkType: hard

"has-symbols@npm:^1.0.1, has-symbols@npm:^1.0.2":
  version: 1.0.2
  resolution: "has-symbols@npm:1.0.2"
  checksum: 2309c426071731be792b5be43b3da6fb4ed7cbe8a9a6bcfca1862587709f01b33d575ce8f5c264c1eaad09fca2f9a8208c0a2be156232629daa2dd0c0740976b
  languageName: node
  linkType: hard

"has-tostringtag@npm:^1.0.0":
  version: 1.0.0
  resolution: "has-tostringtag@npm:1.0.0"
  dependencies:
    has-symbols: ^1.0.2
  checksum: cc12eb28cb6ae22369ebaad3a8ab0799ed61270991be88f208d508076a1e99abe4198c965935ce85ea90b60c94ddda73693b0920b58e7ead048b4a391b502c1c
  languageName: node
  linkType: hard

"has@npm:^1.0.3":
  version: 1.0.3
  resolution: "has@npm:1.0.3"
  dependencies:
    function-bind: ^1.1.1
  checksum: b9ad53d53be4af90ce5d1c38331e712522417d017d5ef1ebd0507e07c2fbad8686fffb8e12ddecd4c39ca9b9b47431afbb975b8abf7f3c3b82c98e9aad052792
  languageName: node
  linkType: hard

"iconv-lite@npm:^0.6.2":
  version: 0.6.3
  resolution: "iconv-lite@npm:0.6.3"
  dependencies:
    safer-buffer: ">= 2.1.2 < 3.0.0"
  checksum: 3f60d47a5c8fc3313317edfd29a00a692cc87a19cac0159e2ce711d0ebc9019064108323b5e493625e25594f11c6236647d8e256fbe7a58f4a3b33b89e6d30bf
  languageName: node
  linkType: hard

"internal-slot@npm:^1.0.3":
  version: 1.0.3
  resolution: "internal-slot@npm:1.0.3"
  dependencies:
    get-intrinsic: ^1.1.0
    has: ^1.0.3
    side-channel: ^1.0.4
  checksum: 1944f92e981e47aebc98a88ff0db579fd90543d937806104d0b96557b10c1f170c51fb777b97740a8b6ddeec585fca8c39ae99fd08a8e058dfc8ab70937238bf
  languageName: node
  linkType: hard

"is-arguments@npm:^1.0.4, is-arguments@npm:^1.1.0":
  version: 1.1.1
  resolution: "is-arguments@npm:1.1.1"
  dependencies:
    call-bind: ^1.0.2
    has-tostringtag: ^1.0.0
  checksum: 7f02700ec2171b691ef3e4d0e3e6c0ba408e8434368504bb593d0d7c891c0dbfda6d19d30808b904a6cb1929bca648c061ba438c39f296c2a8ca083229c49f27
  languageName: node
  linkType: hard

"is-bigint@npm:^1.0.1":
  version: 1.0.4
  resolution: "is-bigint@npm:1.0.4"
  dependencies:
    has-bigints: ^1.0.1
  checksum: c56edfe09b1154f8668e53ebe8252b6f185ee852a50f9b41e8d921cb2bed425652049fbe438723f6cb48a63ca1aa051e948e7e401e093477c99c84eba244f666
  languageName: node
  linkType: hard

"is-boolean-object@npm:^1.1.0":
  version: 1.1.2
  resolution: "is-boolean-object@npm:1.1.2"
  dependencies:
    call-bind: ^1.0.2
    has-tostringtag: ^1.0.0
  checksum: c03b23dbaacadc18940defb12c1c0e3aaece7553ef58b162a0f6bba0c2a7e1551b59f365b91e00d2dbac0522392d576ef322628cb1d036a0fe51eb466db67222
  languageName: node
  linkType: hard

"is-callable@npm:^1.1.4, is-callable@npm:^1.2.4":
  version: 1.2.4
  resolution: "is-callable@npm:1.2.4"
  checksum: 1a28d57dc435797dae04b173b65d6d1e77d4f16276e9eff973f994eadcfdc30a017e6a597f092752a083c1103cceb56c91e3dadc6692fedb9898dfaba701575f
  languageName: node
  linkType: hard

"is-date-object@npm:^1.0.1, is-date-object@npm:^1.0.2":
  version: 1.0.5
  resolution: "is-date-object@npm:1.0.5"
  dependencies:
    has-tostringtag: ^1.0.0
  checksum: baa9077cdf15eb7b58c79398604ca57379b2fc4cf9aa7a9b9e295278648f628c9b201400c01c5e0f7afae56507d741185730307cbe7cad3b9f90a77e5ee342fc
  languageName: node
  linkType: hard

"is-map@npm:^2.0.1, is-map@npm:^2.0.2":
  version: 2.0.2
  resolution: "is-map@npm:2.0.2"
  checksum: ace3d0ecd667bbdefdb1852de601268f67f2db725624b1958f279316e13fecb8fa7df91fd60f690d7417b4ec180712f5a7ee967008e27c65cfd475cc84337728
  languageName: node
  linkType: hard

"is-negative-zero@npm:^2.0.1":
  version: 2.0.1
  resolution: "is-negative-zero@npm:2.0.1"
  checksum: a46f2e0cb5e16fdb8f2011ed488979386d7e68d381966682e3f4c98fc126efe47f26827912baca2d06a02a644aee458b9cba307fb389f6b161e759125db7a3b8
  languageName: node
  linkType: hard

"is-number-object@npm:^1.0.4":
  version: 1.0.6
  resolution: "is-number-object@npm:1.0.6"
  dependencies:
    has-tostringtag: ^1.0.0
  checksum: c697704e8fc2027fc41cb81d29805de4e8b6dc9c3efee93741dbf126a8ecc8443fef85adbc581415ae7e55d325e51d0a942324ae35c829131748cce39cba55f3
  languageName: node
  linkType: hard

"is-regex@npm:^1.1.1, is-regex@npm:^1.1.4":
  version: 1.1.4
  resolution: "is-regex@npm:1.1.4"
  dependencies:
    call-bind: ^1.0.2
    has-tostringtag: ^1.0.0
  checksum: 362399b33535bc8f386d96c45c9feb04cf7f8b41c182f54174c1a45c9abbbe5e31290bbad09a458583ff6bf3b2048672cdb1881b13289569a7c548370856a652
  languageName: node
  linkType: hard

"is-set@npm:^2.0.1, is-set@npm:^2.0.2":
  version: 2.0.2
  resolution: "is-set@npm:2.0.2"
  checksum: b64343faf45e9387b97a6fd32be632ee7b269bd8183701f3b3f5b71a7cf00d04450ed8669d0bd08753e08b968beda96fca73a10fd0ff56a32603f64deba55a57
  languageName: node
  linkType: hard

"is-string@npm:^1.0.5, is-string@npm:^1.0.7":
  version: 1.0.7
  resolution: "is-string@npm:1.0.7"
  dependencies:
    has-tostringtag: ^1.0.0
  checksum: 323b3d04622f78d45077cf89aab783b2f49d24dc641aa89b5ad1a72114cfeff2585efc8c12ef42466dff32bde93d839ad321b26884cf75e5a7892a938b089989
  languageName: node
  linkType: hard

"is-symbol@npm:^1.0.2, is-symbol@npm:^1.0.3":
  version: 1.0.4
  resolution: "is-symbol@npm:1.0.4"
  dependencies:
    has-symbols: ^1.0.2
  checksum: 92805812ef590738d9de49d677cd17dfd486794773fb6fa0032d16452af46e9b91bb43ffe82c983570f015b37136f4b53b28b8523bfb10b0ece7a66c31a54510
  languageName: node
  linkType: hard

"is-typed-array@npm:^1.1.7":
  version: 1.1.8
  resolution: "is-typed-array@npm:1.1.8"
  dependencies:
    available-typed-arrays: ^1.0.5
    call-bind: ^1.0.2
    es-abstract: ^1.18.5
    foreach: ^2.0.5
    has-tostringtag: ^1.0.0
  checksum: aa0f9f0716e19e2fb8aef69e69e4205479d25ace778e2339fc910948115cde4b0d9aff9d5d1e8b80f09a5664998278e05e54ad3dc9cb12cefcf86db71084ed00
  languageName: node
  linkType: hard

"is-weakmap@npm:^2.0.1":
  version: 2.0.1
  resolution: "is-weakmap@npm:2.0.1"
  checksum: 1222bb7e90c32bdb949226e66d26cb7bce12e1e28e3e1b40bfa6b390ba3e08192a8664a703dff2a00a84825f4e022f9cd58c4599ff9981ab72b1d69479f4f7f6
  languageName: node
  linkType: hard

"is-weakset@npm:^2.0.1":
  version: 2.0.1
  resolution: "is-weakset@npm:2.0.1"
  checksum: 70b62ccb14e44f6d0cc4ce8232f5e9edcf5c8123d0e315d4e42829816eb7a85b3763300e32aaa0eaf36d83877b8b140722e96269e58e74e5c5c258f48c4e8693
  languageName: node
  linkType: hard

"isarray@npm:^2.0.5":
  version: 2.0.5
  resolution: "isarray@npm:2.0.5"
  checksum: bd5bbe4104438c4196ba58a54650116007fa0262eccef13a4c55b2e09a5b36b59f1e75b9fcc49883dd9d4953892e6fc007eef9e9155648ceea036e184b0f930a
  languageName: node
  linkType: hard

"isexe@npm:^2.0.0":
  version: 2.0.0
  resolution: "isexe@npm:2.0.0"
  checksum: 26bf6c5480dda5161c820c5b5c751ae1e766c587b1f951ea3fcfc973bafb7831ae5b54a31a69bd670220e42e99ec154475025a468eae58ea262f813fdc8d1c62
  languageName: node
  linkType: hard

"js-yaml@npm:^4.1.0":
  version: 4.1.0
  resolution: "js-yaml@npm:4.1.0"
  dependencies:
    argparse: ^2.0.1
  bin:
    js-yaml: bin/js-yaml.js
  checksum: c7830dfd456c3ef2c6e355cc5a92e6700ceafa1d14bba54497b34a99f0376cecbb3e9ac14d3e5849b426d5a5140709a66237a8c991c675431271c4ce5504151a
  languageName: node
  linkType: hard

"lru-cache@npm:^6.0.0":
  version: 6.0.0
  resolution: "lru-cache@npm:6.0.0"
  dependencies:
    yallist: ^4.0.0
  checksum: f97f499f898f23e4585742138a22f22526254fdba6d75d41a1c2526b3b6cc5747ef59c5612ba7375f42aca4f8461950e925ba08c991ead0651b4918b7c978297
  languageName: node
  linkType: hard

"make-error@npm:^1.1.1":
  version: 1.3.6
  resolution: "make-error@npm:1.3.6"
  checksum: b86e5e0e25f7f777b77fabd8e2cbf15737972869d852a22b7e73c17623928fccb826d8e46b9951501d3f20e51ad74ba8c59ed584f610526a48f8ccf88aaec402
  languageName: node
  linkType: hard

"mime-db@npm:1.49.0":
  version: 1.49.0
  resolution: "mime-db@npm:1.49.0"
  checksum: 3744efc45b17896ff8a5934a761c434d5ffe3c7816662002d799ca9934347e00f99ae4d9b4ddf1c48d391cc9e522cc4523a6e77e7701f8e27c426e3e1d6e215a
  languageName: node
  linkType: hard

"mime-types@npm:^2.1.12":
  version: 2.1.32
  resolution: "mime-types@npm:2.1.32"
  dependencies:
    mime-db: 1.49.0
  checksum: 4487dfd2f872126d2c219ec731ad47a6169a438d5a4cce6ecef7594ce08eaefaf0d85429485a76ec005f095016c7ec488a24cf8bfcc0ea06de0355e23395746f
  languageName: node
  linkType: hard

"minimatch@npm:^3.0.4":
  version: 3.0.4
  resolution: "minimatch@npm:3.0.4"
  dependencies:
    brace-expansion: ^1.1.7
  checksum: 66ac295f8a7b59788000ea3749938b0970344c841750abd96694f80269b926ebcafad3deeb3f1da2522978b119e6ae3a5869b63b13a7859a456b3408bd18a078
  languageName: node
  linkType: hard

"node-fetch@npm:^2.6.1":
  version: 2.6.5
  resolution: "node-fetch@npm:2.6.5"
  dependencies:
    whatwg-url: ^5.0.0
  checksum: 4e83db450718e70762882f00d96f647a7f2f3170035225934ddd5450cb1d91ef339ceb180d3687bcb0a6ed78c3fa5636ce8d3e44ec81ab59e0224ebf8965f65f
  languageName: node
  linkType: hard

"object-inspect@npm:^1.11.0, object-inspect@npm:^1.9.0":
  version: 1.11.0
  resolution: "object-inspect@npm:1.11.0"
  checksum: 8c64f89ce3a7b96b6925879ad5f6af71d498abc217e136660efecd97452991216f375a7eb47cb1cb50643df939bf0c7cc391567b7abc6a924d04679705e58e27
  languageName: node
  linkType: hard

"object-is@npm:^1.1.4":
  version: 1.1.5
  resolution: "object-is@npm:1.1.5"
  dependencies:
    call-bind: ^1.0.2
    define-properties: ^1.1.3
  checksum: 989b18c4cba258a6b74dc1d74a41805c1a1425bce29f6cabb50dcb1a6a651ea9104a1b07046739a49a5bb1bc49727bcb00efd5c55f932f6ea04ec8927a7901fe
  languageName: node
  linkType: hard

"object-keys@npm:^1.0.12, object-keys@npm:^1.1.1":
  version: 1.1.1
  resolution: "object-keys@npm:1.1.1"
  checksum: b363c5e7644b1e1b04aa507e88dcb8e3a2f52b6ffd0ea801e4c7a62d5aa559affe21c55a07fd4b1fd55fc03a33c610d73426664b20032405d7b92a1414c34d6a
  languageName: node
  linkType: hard

"object.assign@npm:^4.1.2":
  version: 4.1.2
  resolution: "object.assign@npm:4.1.2"
  dependencies:
    call-bind: ^1.0.0
    define-properties: ^1.1.3
    has-symbols: ^1.0.1
    object-keys: ^1.1.1
  checksum: d621d832ed7b16ac74027adb87196804a500d80d9aca536fccb7ba48d33a7e9306a75f94c1d29cbfa324bc091bfc530bc24789568efdaee6a47fcfa298993814
  languageName: node
  linkType: hard

"regexp.prototype.flags@npm:^1.3.0":
  version: 1.3.1
  resolution: "regexp.prototype.flags@npm:1.3.1"
  dependencies:
    call-bind: ^1.0.2
    define-properties: ^1.1.3
  checksum: 343595db5a6bbbb3bfbda881f9c74832cfa9fc0039e64a43843f6bb9158b78b921055266510800ed69d4997638890b17a46d55fd9f32961f53ae56ac3ec4dd05
  languageName: node
  linkType: hard

"rhai@workspace:.":
  version: 0.0.0-use.local
  resolution: "rhai@workspace:."
  dependencies:
    "@types/deep-equal": ^1.0.1
    "@types/node": ^12.12.0
    "@types/node-fetch": ^2.5.7
    "@types/vscode": ^1.44.0
    "@types/which": ^2.0.1
    deep-equal: ^2.0.4
    encoding: ^0.1.13
    esbuild: ^0.13.2
    js-yaml: ^4.1.0
    node-fetch: ^2.6.1
    ts-node: ^8.10.2
    typescript: ^4.0.5
    vscode-languageclient: ^7.0.0
    which: ^2.0.2
  languageName: unknown
  linkType: soft

"safer-buffer@npm:>= 2.1.2 < 3.0.0":
  version: 2.1.2
  resolution: "safer-buffer@npm:2.1.2"
  checksum: cab8f25ae6f1434abee8d80023d7e72b598cf1327164ddab31003c51215526801e40b66c5e65d658a0af1e9d6478cadcb4c745f4bd6751f97d8644786c0978b0
  languageName: node
  linkType: hard

"semver@npm:^7.3.4":
  version: 7.3.5
  resolution: "semver@npm:7.3.5"
  dependencies:
    lru-cache: ^6.0.0
  bin:
    semver: bin/semver.js
  checksum: 5eafe6102bea2a7439897c1856362e31cc348ccf96efd455c8b5bc2c61e6f7e7b8250dc26b8828c1d76a56f818a7ee907a36ae9fb37a599d3d24609207001d60
  languageName: node
  linkType: hard

"side-channel@npm:^1.0.3, side-channel@npm:^1.0.4":
  version: 1.0.4
  resolution: "side-channel@npm:1.0.4"
  dependencies:
    call-bind: ^1.0.0
    get-intrinsic: ^1.0.2
    object-inspect: ^1.9.0
  checksum: 351e41b947079c10bd0858364f32bb3a7379514c399edb64ab3dce683933483fc63fb5e4efe0a15a2e8a7e3c436b6a91736ddb8d8c6591b0460a24bb4a1ee245
  languageName: node
  linkType: hard

"source-map-support@npm:^0.5.17":
  version: 0.5.20
  resolution: "source-map-support@npm:0.5.20"
  dependencies:
    buffer-from: ^1.0.0
    source-map: ^0.6.0
  checksum: 43946aff452011960d16154304b11011e0185549493e65dd90da045959409fb2d266ba1c854fff3d5949f8e59382e3fcc7f7c5fa66136007a6750ad06c6c0baa
  languageName: node
  linkType: hard

"source-map@npm:^0.6.0":
  version: 0.6.1
  resolution: "source-map@npm:0.6.1"
  checksum: 59ce8640cf3f3124f64ac289012c2b8bd377c238e316fb323ea22fbfe83da07d81e000071d7242cad7a23cd91c7de98e4df8830ec3f133cb6133a5f6e9f67bc2
  languageName: node
  linkType: hard

"string.prototype.trimend@npm:^1.0.4":
  version: 1.0.4
  resolution: "string.prototype.trimend@npm:1.0.4"
  dependencies:
    call-bind: ^1.0.2
    define-properties: ^1.1.3
  checksum: 17e5aa45c3983f582693161f972c1c1fa4bbbdf22e70e582b00c91b6575f01680dc34e83005b98e31abe4d5d29e0b21fcc24690239c106c7b2315aade6a898ac
  languageName: node
  linkType: hard

"string.prototype.trimstart@npm:^1.0.4":
  version: 1.0.4
  resolution: "string.prototype.trimstart@npm:1.0.4"
  dependencies:
    call-bind: ^1.0.2
    define-properties: ^1.1.3
  checksum: 3fb06818d3cccac5fa3f5f9873d984794ca0e9f6616fae6fcc745885d9efed4e17fe15f832515d9af5e16c279857fdbffdfc489ca4ed577811b017721b30302f
  languageName: node
  linkType: hard

"tr46@npm:~0.0.3":
  version: 0.0.3
  resolution: "tr46@npm:0.0.3"
  checksum: 726321c5eaf41b5002e17ffbd1fb7245999a073e8979085dacd47c4b4e8068ff5777142fc6726d6ca1fd2ff16921b48788b87225cbc57c72636f6efa8efbffe3
  languageName: node
  linkType: hard

"ts-node@npm:^8.10.2":
  version: 8.10.2
  resolution: "ts-node@npm:8.10.2"
  dependencies:
    arg: ^4.1.0
    diff: ^4.0.1
    make-error: ^1.1.1
    source-map-support: ^0.5.17
    yn: 3.1.1
  peerDependencies:
    typescript: ">=2.7"
  bin:
    ts-node: dist/bin.js
    ts-node-script: dist/bin-script.js
    ts-node-transpile-only: dist/bin-transpile.js
    ts-script: dist/bin-script-deprecated.js
  checksum: 480adb076fdab6dbabd726c6056d651ddc567feda0d3e4770d809c01d000715a0f61f80be0e4a92ef87b7f4a494b79d9595d62de4a3931d740122ae26f0e10d8
  languageName: node
  linkType: hard

"typescript@npm:^4.0.5":
  version: 4.4.3
  resolution: "typescript@npm:4.4.3"
  bin:
    tsc: bin/tsc
    tsserver: bin/tsserver
  checksum: 05823f21796d450531a7e4ab299715d38fd9ded0e4ce7400876053f4b5166ca3dde7a68cecfe72d9086039f03c0b6edba36516fb10ed83c5837d9600532ea4c2
  languageName: node
  linkType: hard

"typescript@patch:typescript@^4.0.5#~builtin<compat/typescript>":
  version: 4.4.3
  resolution: "typescript@patch:typescript@npm%3A4.4.3#~builtin<compat/typescript>::version=4.4.3&hash=7ad353"
  bin:
    tsc: bin/tsc
    tsserver: bin/tsserver
  checksum: 33a916819907e819430802c50405f18c187448d678696a81545f494a7ec16207f8c15340c945df62109bd1d951091a9f15f3d2eb931a3c889f962c8509017697
  languageName: node
  linkType: hard

"unbox-primitive@npm:^1.0.1":
  version: 1.0.1
  resolution: "unbox-primitive@npm:1.0.1"
  dependencies:
    function-bind: ^1.1.1
    has-bigints: ^1.0.1
    has-symbols: ^1.0.2
    which-boxed-primitive: ^1.0.2
  checksum: 89d950e18fb45672bc6b3c961f1e72c07beb9640c7ceed847b571ba6f7d2af570ae1a2584cfee268b9d9ea1e3293f7e33e0bc29eaeb9f8e8a0bab057ff9e6bba
  languageName: node
  linkType: hard

"vscode-jsonrpc@npm:6.0.0":
  version: 6.0.0
  resolution: "vscode-jsonrpc@npm:6.0.0"
  checksum: 3a67a56f287e8c449f2d9752eedf91e704dc7b9a326f47fb56ac07667631deb45ca52192e9bccb2ab108764e48409d70fa64b930d46fc3822f75270b111c5f53
  languageName: node
  linkType: hard

"vscode-languageclient@npm:^7.0.0":
  version: 7.0.0
  resolution: "vscode-languageclient@npm:7.0.0"
  dependencies:
    minimatch: ^3.0.4
    semver: ^7.3.4
    vscode-languageserver-protocol: 3.16.0
  checksum: fde7122e96838f0de1940dba80fc4b6bb80717695dbfaff005b9d44eeea371b7f09daedefaebcbf0ff278f67446e37837ec0730ddbc7dbd82aca5d8567065594
  languageName: node
  linkType: hard

"vscode-languageserver-protocol@npm:3.16.0":
  version: 3.16.0
  resolution: "vscode-languageserver-protocol@npm:3.16.0"
  dependencies:
    vscode-jsonrpc: 6.0.0
    vscode-languageserver-types: 3.16.0
  checksum: ac30cbe4b778344f7b93defbaa1332dcb5a5a3a0afda6b88618a9ed44093c1ae1d2f11548bdcff42a73bb46943df025d4fe721559144dd7bf25ae60663aabe06
  languageName: node
  linkType: hard

"vscode-languageserver-types@npm:3.16.0":
  version: 3.16.0
  resolution: "vscode-languageserver-types@npm:3.16.0"
  checksum: 7a44fb10b9fbeb9529f832337b7f0430fc6275d62945b86851d425a950e22da3917ef5f6c552688191769dd1eae047c6ee9ec3d9f2280498353007c2dfe0725c
  languageName: node
  linkType: hard

"webidl-conversions@npm:^3.0.0":
  version: 3.0.1
  resolution: "webidl-conversions@npm:3.0.1"
  checksum: c92a0a6ab95314bde9c32e1d0a6dfac83b578f8fa5f21e675bc2706ed6981bc26b7eb7e6a1fab158e5ce4adf9caa4a0aee49a52505d4d13c7be545f15021b17c
  languageName: node
  linkType: hard

"whatwg-url@npm:^5.0.0":
  version: 5.0.0
  resolution: "whatwg-url@npm:5.0.0"
  dependencies:
    tr46: ~0.0.3
    webidl-conversions: ^3.0.0
  checksum: b8daed4ad3356cc4899048a15b2c143a9aed0dfae1f611ebd55073310c7b910f522ad75d727346ad64203d7e6c79ef25eafd465f4d12775ca44b90fa82ed9e2c
  languageName: node
  linkType: hard

"which-boxed-primitive@npm:^1.0.1, which-boxed-primitive@npm:^1.0.2":
  version: 1.0.2
  resolution: "which-boxed-primitive@npm:1.0.2"
  dependencies:
    is-bigint: ^1.0.1
    is-boolean-object: ^1.1.0
    is-number-object: ^1.0.4
    is-string: ^1.0.5
    is-symbol: ^1.0.3
  checksum: 53ce774c7379071729533922adcca47220228405e1895f26673bbd71bdf7fb09bee38c1d6399395927c6289476b5ae0629863427fd151491b71c4b6cb04f3a5e
  languageName: node
  linkType: hard

"which-collection@npm:^1.0.1":
  version: 1.0.1
  resolution: "which-collection@npm:1.0.1"
  dependencies:
    is-map: ^2.0.1
    is-set: ^2.0.1
    is-weakmap: ^2.0.1
    is-weakset: ^2.0.1
  checksum: c815bbd163107ef9cb84f135e6f34453eaf4cca994e7ba85ddb0d27cea724c623fae2a473ceccfd5549c53cc65a5d82692de418166df3f858e1e5dc60818581c
  languageName: node
  linkType: hard

"which-typed-array@npm:^1.1.2":
  version: 1.1.7
  resolution: "which-typed-array@npm:1.1.7"
  dependencies:
    available-typed-arrays: ^1.0.5
    call-bind: ^1.0.2
    es-abstract: ^1.18.5
    foreach: ^2.0.5
    has-tostringtag: ^1.0.0
    is-typed-array: ^1.1.7
  checksum: 147837cf5866e36b6b2e427731709e02f79f1578477cbde68ed773a5307520a6cb6836c73c79c30690a473266ee59010b83b6d9b25d8d677a40ff77fb37a8a84
  languageName: node
  linkType: hard

"which@npm:^2.0.2":
  version: 2.0.2
  resolution: "which@npm:2.0.2"
  dependencies:
    isexe: ^2.0.0
  bin:
    node-which: ./bin/node-which
  checksum: 1a5c563d3c1b52d5f893c8b61afe11abc3bab4afac492e8da5bde69d550de701cf9806235f20a47b5c8fa8a1d6a9135841de2596535e998027a54589000e66d1
  languageName: node
  linkType: hard

"yallist@npm:^4.0.0":
  version: 4.0.0
  resolution: "yallist@npm:4.0.0"
  checksum: 343617202af32df2a15a3be36a5a8c0c8545208f3d3dfbc6bb7c3e3b7e8c6f8e7485432e4f3b88da3031a6e20afa7c711eded32ddfb122896ac5d914e75848d5
  languageName: node
  linkType: hard

"yn@npm:3.1.1":
  version: 3.1.1
  resolution: "yn@npm:3.1.1"
  checksum: 2c487b0e149e746ef48cda9f8bad10fc83693cd69d7f9dcd8be4214e985de33a29c9e24f3c0d6bcf2288427040a8947406ab27f7af67ee9456e6b84854f02dd6
  languageName: node
  linkType: hard
